
Microsoft Visual Studio Solution File, Format Version 12.00
# Visual Studio Version 17
VisualStudioVersion = 17.5.33516.290
MinimumVisualStudioVersion = 10.0.40219.1
Project("{2150E333-8FDC-42A3-9474-1A3956D46DE8}") = "PublisherAndConsumerEx", "PublisherAndConsumerEx", "{8BB0F325-B566-4726-BF6F-FFF139A44E1B}"
EndProject
Project("{9A19103F-16F7-4668-BE54-9A1E7A4F7556}") = "RabbitMQExample.Publisher1", "RabbitMQExample.Publisher1\RabbitMQExample.Publisher1.csproj", "{27AF561B-3655-4D97-A9C7-5E350BD0C6E3}"
EndProject
Project("{9A19103F-16F7-4668-BE54-9A1E7A4F7556}") = "RabbitMQExample.Consumer1", "RabbitMQExample.Consumer1\RabbitMQExample.Consumer1.csproj", "{C27F9D69-14A2-4FF4-9ED6-ECE194C41211}"
EndProject
Project("{2150E333-8FDC-42A3-9474-1A3956D46DE8}") = "ExchangeTypes", "ExchangeTypes", "{E7DAA861-4EF8-4FF7-9982-51CADF8E9698}"
EndProject
Project("{9A19103F-16F7-4668-BE54-9A1E7A4F7556}") = "RabbitMQ.Direct.Exchange.Publisher", "RabbitMQ.Direct.Exchange.Publisher\RabbitMQ.Direct.Exchange.Publisher.csproj", "{0213F62B-3004-452C-BBDA-34761D56F5ED}"
EndProject
Project("{2150E333-8FDC-42A3-9474-1A3956D46DE8}") = "DirectExchange", "DirectExchange", "{2F94DB81-369F-4E19-BAC1-472FE6D8A23C}"
EndProject
Project("{9A19103F-16F7-4668-BE54-9A1E7A4F7556}") = "RabbitMQ.Direct.Exchange.Consumer", "RabbitMQ.Direct.Exchange.Consumer\RabbitMQ.Direct.Exchange.Consumer.csproj", "{E3FCBF8D-FB52-4833-B557-7ADA4FA8706A}"
EndProject
Project("{2150E333-8FDC-42A3-9474-1A3956D46DE8}") = "FanoutExchange", "FanoutExchange", "{5E2F6E62-2CDC-43F4-A34A-FF522206866A}"
EndProject
Project("{9A19103F-16F7-4668-BE54-9A1E7A4F7556}") = "RabbitMQExample.FanaoutExchange.Publisher", "RabbitMQExample.FanaoutExchange.Publisher\RabbitMQExample.FanaoutExchange.Publisher.csproj", "{A1E4A3D5-49D5-4055-9EAE-1911F093F338}"
EndProject
Project("{9A19103F-16F7-4668-BE54-9A1E7A4F7556}") = "RabbitMQExample.FanaoutExchange.Consumer", "RabbitMQExample.FanaoutExchange.Consumer\RabbitMQExample.FanaoutExchange.Consumer.csproj", "{FA641967-0FA9-4B6A-9E1C-02209BE8C8FE}"
EndProject
Project("{2150E333-8FDC-42A3-9474-1A3956D46DE8}") = "TopicExchange", "TopicExchange", "{57E3F9A7-96E3-4F51-BC83-17D64DB0FD63}"
EndProject
Project("{FAE04EC0-301F-11D3-BF4B-00C04F79EFBC}") = "RabbitMQExample.TopicExchange.Publisher", "RabbitMQExample.TopicExchange.Publisher\RabbitMQExample.TopicExchange.Publisher.csproj", "{2E315A83-9CA6-4A11-A492-CC51EFAB4986}"
EndProject
Project("{FAE04EC0-301F-11D3-BF4B-00C04F79EFBC}") = "RabbitMQExample.TopicExchange.Consumer", "RabbitMQExample.TopicExchange.Consumer\RabbitMQExample.TopicExchange.Consumer.csproj", "{212A9F6B-7CBF-43A0-98E1-DB08CE1F5399}"
EndProject
Project("{2150E333-8FDC-42A3-9474-1A3956D46DE8}") = "HeaderExchange", "HeaderExchange", "{644FC1A2-98BA-4EC9-804B-4F5D0EF3559C}"
EndProject
Project("{FAE04EC0-301F-11D3-BF4B-00C04F79EFBC}") = "RabbitMQExample.HeaderExchange.Publisher", "RabbitMQExample.HeaderExchange.Publisher\RabbitMQExample.HeaderExchange.Publisher.csproj", "{4972D299-4940-4739-84AC-99B84D0A2AC4}"
EndProject
Project("{FAE04EC0-301F-11D3-BF4B-00C04F79EFBC}") = "RabbitMQExample.HeaderExchange.Consumer", "RabbitMQExample.HeaderExchange.Consumer\RabbitMQExample.HeaderExchange.Consumer.csproj", "{7BA3D8CB-9FC6-494C-9C72-EA837E882D5E}"
EndProject
Global
	GlobalSection(SolutionConfigurationPlatforms) = preSolution
		Debug|Any CPU = Debug|Any CPU
		Release|Any CPU = Release|Any CPU
	EndGlobalSection
	GlobalSection(ProjectConfigurationPlatforms) = postSolution
		{27AF561B-3655-4D97-A9C7-5E350BD0C6E3}.Debug|Any CPU.ActiveCfg = Debug|Any CPU
		{27AF561B-3655-4D97-A9C7-5E350BD0C6E3}.Debug|Any CPU.Build.0 = Debug|Any CPU
		{27AF561B-3655-4D97-A9C7-5E350BD0C6E3}.Release|Any CPU.ActiveCfg = Release|Any CPU
		{27AF561B-3655-4D97-A9C7-5E350BD0C6E3}.Release|Any CPU.Build.0 = Release|Any CPU
		{C27F9D69-14A2-4FF4-9ED6-ECE194C41211}.Debug|Any CPU.ActiveCfg = Debug|Any CPU
		{C27F9D69-14A2-4FF4-9ED6-ECE194C41211}.Debug|Any CPU.Build.0 = Debug|Any CPU
		{C27F9D69-14A2-4FF4-9ED6-ECE194C41211}.Release|Any CPU.ActiveCfg = Release|Any CPU
		{C27F9D69-14A2-4FF4-9ED6-ECE194C41211}.Release|Any CPU.Build.0 = Release|Any CPU
		{0213F62B-3004-452C-BBDA-34761D56F5ED}.Debug|Any CPU.ActiveCfg = Debug|Any CPU
		{0213F62B-3004-452C-BBDA-34761D56F5ED}.Debug|Any CPU.Build.0 = Debug|Any CPU
		{0213F62B-3004-452C-BBDA-34761D56F5ED}.Release|Any CPU.ActiveCfg = Release|Any CPU
		{0213F62B-3004-452C-BBDA-34761D56F5ED}.Release|Any CPU.Build.0 = Release|Any CPU
		{E3FCBF8D-FB52-4833-B557-7ADA4FA8706A}.Debug|Any CPU.ActiveCfg = Debug|Any CPU
		{E3FCBF8D-FB52-4833-B557-7ADA4FA8706A}.Debug|Any CPU.Build.0 = Debug|Any CPU
		{E3FCBF8D-FB52-4833-B557-7ADA4FA8706A}.Release|Any CPU.ActiveCfg = Release|Any CPU
		{E3FCBF8D-FB52-4833-B557-7ADA4FA8706A}.Release|Any CPU.Build.0 = Release|Any CPU
		{A1E4A3D5-49D5-4055-9EAE-1911F093F338}.Debug|Any CPU.ActiveCfg = Debug|Any CPU
		{A1E4A3D5-49D5-4055-9EAE-1911F093F338}.Debug|Any CPU.Build.0 = Debug|Any CPU
		{A1E4A3D5-49D5-4055-9EAE-1911F093F338}.Release|Any CPU.ActiveCfg = Release|Any CPU
		{A1E4A3D5-49D5-4055-9EAE-1911F093F338}.Release|Any CPU.Build.0 = Release|Any CPU
		{FA641967-0FA9-4B6A-9E1C-02209BE8C8FE}.Debug|Any CPU.ActiveCfg = Debug|Any CPU
		{FA641967-0FA9-4B6A-9E1C-02209BE8C8FE}.Debug|Any CPU.Build.0 = Debug|Any CPU
		{FA641967-0FA9-4B6A-9E1C-02209BE8C8FE}.Release|Any CPU.ActiveCfg = Release|Any CPU
		{FA641967-0FA9-4B6A-9E1C-02209BE8C8FE}.Release|Any CPU.Build.0 = Release|Any CPU
		{2E315A83-9CA6-4A11-A492-CC51EFAB4986}.Debug|Any CPU.ActiveCfg = Debug|Any CPU
		{2E315A83-9CA6-4A11-A492-CC51EFAB4986}.Debug|Any CPU.Build.0 = Debug|Any CPU
		{2E315A83-9CA6-4A11-A492-CC51EFAB4986}.Release|Any CPU.ActiveCfg = Release|Any CPU
		{2E315A83-9CA6-4A11-A492-CC51EFAB4986}.Release|Any CPU.Build.0 = Release|Any CPU
		{212A9F6B-7CBF-43A0-98E1-DB08CE1F5399}.Debug|Any CPU.ActiveCfg = Debug|Any CPU
		{212A9F6B-7CBF-43A0-98E1-DB08CE1F5399}.Debug|Any CPU.Build.0 = Debug|Any CPU
		{212A9F6B-7CBF-43A0-98E1-DB08CE1F5399}.Release|Any CPU.ActiveCfg = Release|Any CPU
		{212A9F6B-7CBF-43A0-98E1-DB08CE1F5399}.Release|Any CPU.Build.0 = Release|Any CPU
		{4972D299-4940-4739-84AC-99B84D0A2AC4}.Debug|Any CPU.ActiveCfg = Debug|Any CPU
		{4972D299-4940-4739-84AC-99B84D0A2AC4}.Debug|Any CPU.Build.0 = Debug|Any CPU
		{4972D299-4940-4739-84AC-99B84D0A2AC4}.Release|Any CPU.ActiveCfg = Release|Any CPU
		{4972D299-4940-4739-84AC-99B84D0A2AC4}.Release|Any CPU.Build.0 = Release|Any CPU
		{7BA3D8CB-9FC6-494C-9C72-EA837E882D5E}.Debug|Any CPU.ActiveCfg = Debug|Any CPU
		{7BA3D8CB-9FC6-494C-9C72-EA837E882D5E}.Debug|Any CPU.Build.0 = Debug|Any CPU
		{7BA3D8CB-9FC6-494C-9C72-EA837E882D5E}.Release|Any CPU.ActiveCfg = Release|Any CPU
		{7BA3D8CB-9FC6-494C-9C72-EA837E882D5E}.Release|Any CPU.Build.0 = Release|Any CPU
	EndGlobalSection
	GlobalSection(SolutionProperties) = preSolution
		HideSolutionNode = FALSE
	EndGlobalSection
	GlobalSection(NestedProjects) = preSolution
		{27AF561B-3655-4D97-A9C7-5E350BD0C6E3} = {8BB0F325-B566-4726-BF6F-FFF139A44E1B}
		{C27F9D69-14A2-4FF4-9ED6-ECE194C41211} = {8BB0F325-B566-4726-BF6F-FFF139A44E1B}
		{0213F62B-3004-452C-BBDA-34761D56F5ED} = {2F94DB81-369F-4E19-BAC1-472FE6D8A23C}
		{2F94DB81-369F-4E19-BAC1-472FE6D8A23C} = {E7DAA861-4EF8-4FF7-9982-51CADF8E9698}
		{E3FCBF8D-FB52-4833-B557-7ADA4FA8706A} = {2F94DB81-369F-4E19-BAC1-472FE6D8A23C}
		{5E2F6E62-2CDC-43F4-A34A-FF522206866A} = {E7DAA861-4EF8-4FF7-9982-51CADF8E9698}
		{A1E4A3D5-49D5-4055-9EAE-1911F093F338} = {5E2F6E62-2CDC-43F4-A34A-FF522206866A}
		{FA641967-0FA9-4B6A-9E1C-02209BE8C8FE} = {5E2F6E62-2CDC-43F4-A34A-FF522206866A}
		{57E3F9A7-96E3-4F51-BC83-17D64DB0FD63} = {E7DAA861-4EF8-4FF7-9982-51CADF8E9698}
		{2E315A83-9CA6-4A11-A492-CC51EFAB4986} = {57E3F9A7-96E3-4F51-BC83-17D64DB0FD63}
		{212A9F6B-7CBF-43A0-98E1-DB08CE1F5399} = {57E3F9A7-96E3-4F51-BC83-17D64DB0FD63}
		{644FC1A2-98BA-4EC9-804B-4F5D0EF3559C} = {E7DAA861-4EF8-4FF7-9982-51CADF8E9698}
		{4972D299-4940-4739-84AC-99B84D0A2AC4} = {644FC1A2-98BA-4EC9-804B-4F5D0EF3559C}
		{7BA3D8CB-9FC6-494C-9C72-EA837E882D5E} = {644FC1A2-98BA-4EC9-804B-4F5D0EF3559C}
	EndGlobalSection
	GlobalSection(ExtensibilityGlobals) = postSolution
		SolutionGuid = {03F28367-6DDD-442F-8E3E-65D1534B3DB3}
	EndGlobalSection
EndGlobal
